{
    "version": 3,
    "terraform_version": "0.11.7",
    "serial": 46,
    "lineage": "cade5a7a-8f31-3c3e-9b24-b21e17f8cbd5",
    "modules": [
        {
            "path": [
                "root"
            ],
            "outputs": {},
            "resources": {},
            "depends_on": []
        },
        {
            "path": [
                "root",
                "dynamodb"
            ],
            "outputs": {
                "dynamo_db_stream": {
                    "sensitive": false,
                    "type": "string",
                    "value": "arn:aws:dynamodb:us-east-1:105725941292:table/AmazonPoints/stream/2018-05-03T00:25:52.114"
                },
                "dynamo_db_table_arn": {
                    "sensitive": false,
                    "type": "string",
                    "value": "arn:aws:dynamodb:us-east-1:105725941292:table/AmazonPoints"
                }
            },
            "resources": {
                "aws_dynamodb_table.oregon-dynamodb-table": {
                    "type": "aws_dynamodb_table",
                    "depends_on": [],
                    "primary": {
                        "id": "AmazonPoints",
                        "attributes": {
                            "arn": "arn:aws:dynamodb:us-west-2:105725941292:table/AmazonPoints",
                            "attribute.#": "2",
                            "attribute.2886515386.name": "Item",
                            "attribute.2886515386.type": "S",
                            "attribute.3403068082.name": "UserId",
                            "attribute.3403068082.type": "S",
                            "global_secondary_index.#": "1",
                            "global_secondary_index.2551843561.hash_key": "UserId",
                            "global_secondary_index.2551843561.name": "ItemIndex",
                            "global_secondary_index.2551843561.non_key_attributes.#": "1",
                            "global_secondary_index.2551843561.non_key_attributes.0": "UserId",
                            "global_secondary_index.2551843561.projection_type": "INCLUDE",
                            "global_secondary_index.2551843561.range_key": "Item",
                            "global_secondary_index.2551843561.read_capacity": "10",
                            "global_secondary_index.2551843561.write_capacity": "10",
                            "hash_key": "UserId",
                            "id": "AmazonPoints",
                            "local_secondary_index.#": "0",
                            "name": "AmazonPoints",
                            "point_in_time_recovery.#": "1",
                            "point_in_time_recovery.0.enabled": "false",
                            "range_key": "Item",
                            "read_capacity": "20",
                            "server_side_encryption.#": "0",
                            "stream_arn": "arn:aws:dynamodb:us-west-2:105725941292:table/AmazonPoints/stream/2018-05-03T00:25:53.654",
                            "stream_enabled": "true",
                            "stream_label": "2018-05-03T00:25:53.654",
                            "stream_view_type": "NEW_IMAGE",
                            "tags.%": "2",
                            "tags.Environment": "testing",
                            "tags.Name": "dynamodb-table",
                            "ttl.#": "0",
                            "write_capacity": "20"
                        },
                        "meta": {
                            "e2bfb730-ecaa-11e6-8f88-34363bc7c4c0": {
                                "create": 600000000000,
                                "delete": 600000000000,
                                "update": 600000000000
                            },
                            "schema_version": "1"
                        },
                        "tainted": false
                    },
                    "deposed": [],
                    "provider": "provider.aws.us-west-2"
                },
                "aws_dynamodb_table.virginia-dynamodb-table": {
                    "type": "aws_dynamodb_table",
                    "depends_on": [],
                    "primary": {
                        "id": "AmazonPoints",
                        "attributes": {
                            "arn": "arn:aws:dynamodb:us-east-1:105725941292:table/AmazonPoints",
                            "attribute.#": "2",
                            "attribute.2886515386.name": "Item",
                            "attribute.2886515386.type": "S",
                            "attribute.3403068082.name": "UserId",
                            "attribute.3403068082.type": "S",
                            "global_secondary_index.#": "1",
                            "global_secondary_index.2551843561.hash_key": "UserId",
                            "global_secondary_index.2551843561.name": "ItemIndex",
                            "global_secondary_index.2551843561.non_key_attributes.#": "1",
                            "global_secondary_index.2551843561.non_key_attributes.0": "UserId",
                            "global_secondary_index.2551843561.projection_type": "INCLUDE",
                            "global_secondary_index.2551843561.range_key": "Item",
                            "global_secondary_index.2551843561.read_capacity": "10",
                            "global_secondary_index.2551843561.write_capacity": "10",
                            "hash_key": "UserId",
                            "id": "AmazonPoints",
                            "local_secondary_index.#": "0",
                            "name": "AmazonPoints",
                            "point_in_time_recovery.#": "1",
                            "point_in_time_recovery.0.enabled": "false",
                            "range_key": "Item",
                            "read_capacity": "20",
                            "server_side_encryption.#": "0",
                            "stream_arn": "arn:aws:dynamodb:us-east-1:105725941292:table/AmazonPoints/stream/2018-05-03T00:25:52.114",
                            "stream_enabled": "true",
                            "stream_label": "2018-05-03T00:25:52.114",
                            "stream_view_type": "NEW_IMAGE",
                            "tags.%": "2",
                            "tags.Environment": "testing",
                            "tags.Name": "dynamodb-table",
                            "ttl.#": "0",
                            "write_capacity": "20"
                        },
                        "meta": {
                            "e2bfb730-ecaa-11e6-8f88-34363bc7c4c0": {
                                "create": 600000000000,
                                "delete": 600000000000,
                                "update": 600000000000
                            },
                            "schema_version": "1"
                        },
                        "tainted": false
                    },
                    "deposed": [],
                    "provider": "provider.aws.us-east-1"
                }
            },
            "depends_on": []
        },
        {
            "path": [
                "root",
                "iam_role"
            ],
            "outputs": {
                "lambda_role": {
                    "sensitive": false,
                    "type": "string",
                    "value": "arn:aws:iam::105725941292:role/lambda_role"
                }
            },
            "resources": {
                "aws_iam_policy.lambda_policy": {
                    "type": "aws_iam_policy",
                    "depends_on": [],
                    "primary": {
                        "id": "arn:aws:iam::105725941292:policy/lambda_policy",
                        "attributes": {
                            "arn": "arn:aws:iam::105725941292:policy/lambda_policy",
                            "id": "arn:aws:iam::105725941292:policy/lambda_policy",
                            "name": "lambda_policy",
                            "path": "/",
                            "policy": "{\n  \"Version\": \"2012-10-17\",\n  \"Statement\": [\n    {\n      \"Action\": [\n        \"dynamodb:DescribeTable\",\n        \"dynamodb:Query\",\n        \"dynamodb:Scan\",\n        \"dynamodb:GetRecords\", \n        \"dynamodb:GetShardIterator\", \n        \"dynamodb:DescribeStream\", \n        \"dynamodb:ListStreams\",\n        \"dynamodb:PutItem\",\n        \"logs:CreateLogGroup\",\n        \"logs:CreateLogStream\",\n        \"logs:PutLogEvents\",\n        \"logs:DescribeLogStreams\"\n      ],\n      \"Effect\": \"Allow\",\n      \"Resource\": \"*\"\n    }\n  ]\n}\n"
                        },
                        "meta": {},
                        "tainted": false
                    },
                    "deposed": [],
                    "provider": "provider.aws"
                },
                "aws_iam_policy_attachment.lambda-attach": {
                    "type": "aws_iam_policy_attachment",
                    "depends_on": [
                        "aws_iam_policy.lambda_policy",
                        "aws_iam_role.lambda_role"
                    ],
                    "primary": {
                        "id": "lambda-attach",
                        "attributes": {
                            "groups.#": "0",
                            "id": "lambda-attach",
                            "name": "lambda-attach",
                            "policy_arn": "arn:aws:iam::105725941292:policy/lambda_policy",
                            "roles.#": "1",
                            "roles.1085383181": "lambda_role",
                            "users.#": "0"
                        },
                        "meta": {},
                        "tainted": false
                    },
                    "deposed": [],
                    "provider": "provider.aws"
                },
                "aws_iam_role.lambda_role": {
                    "type": "aws_iam_role",
                    "depends_on": [],
                    "primary": {
                        "id": "lambda_role",
                        "attributes": {
                            "arn": "arn:aws:iam::105725941292:role/lambda_role",
                            "assume_role_policy": "{\"Version\":\"2012-10-17\",\"Statement\":[{\"Sid\":\"\",\"Effect\":\"Allow\",\"Principal\":{\"Service\":\"lambda.amazonaws.com\"},\"Action\":\"sts:AssumeRole\"}]}",
                            "create_date": "2018-05-03T00:47:40Z",
                            "force_detach_policies": "false",
                            "id": "lambda_role",
                            "max_session_duration": "3600",
                            "name": "lambda_role",
                            "path": "/",
                            "unique_id": "AROAISZOXFJKBHPJIXQTK"
                        },
                        "meta": {},
                        "tainted": false
                    },
                    "deposed": [],
                    "provider": "provider.aws"
                }
            },
            "depends_on": []
        },
        {
            "path": [
                "root",
                "lambda"
            ],
            "outputs": {},
            "resources": {
                "aws_cloudwatch_log_group.log_group": {
                    "type": "aws_cloudwatch_log_group",
                    "depends_on": [],
                    "primary": {
                        "id": "/aws/lambda/dymabodb_table_replicator",
                        "attributes": {
                            "arn": "arn:aws:logs:us-east-1:105725941292:log-group:/aws/lambda/dymabodb_table_replicator:*",
                            "id": "/aws/lambda/dymabodb_table_replicator",
                            "kms_key_id": "",
                            "name": "/aws/lambda/dymabodb_table_replicator",
                            "retention_in_days": "0",
                            "tags.%": "0"
                        },
                        "meta": {},
                        "tainted": false
                    },
                    "deposed": [],
                    "provider": "provider.aws"
                },
                "aws_lambda_event_source_mapping.event_source_mapping": {
                    "type": "aws_lambda_event_source_mapping",
                    "depends_on": [
                        "aws_lambda_function.dynamodb_replication_lambda"
                    ],
                    "primary": {
                        "id": "10228006-a423-4af4-8fa2-96623179d746",
                        "attributes": {
                            "batch_size": "1",
                            "enabled": "true",
                            "event_source_arn": "arn:aws:dynamodb:us-east-1:105725941292:table/AmazonPoints/stream/2018-05-03T00:25:52.114",
                            "function_arn": "arn:aws:lambda:us-east-1:105725941292:function:dymabodb_table_replicator",
                            "function_name": "arn:aws:lambda:us-east-1:105725941292:function:dymabodb_table_replicator",
                            "id": "10228006-a423-4af4-8fa2-96623179d746",
                            "last_processing_result": "No records processed",
                            "starting_position": "LATEST",
                            "state": "Enabled",
                            "state_transition_reason": "User action",
                            "uuid": "10228006-a423-4af4-8fa2-96623179d746"
                        },
                        "meta": {},
                        "tainted": false
                    },
                    "deposed": [],
                    "provider": "provider.aws"
                },
                "aws_lambda_function.dynamodb_replication_lambda": {
                    "type": "aws_lambda_function",
                    "depends_on": [],
                    "primary": {
                        "id": "dymabodb_table_replicator",
                        "attributes": {
                            "arn": "arn:aws:lambda:us-east-1:105725941292:function:dymabodb_table_replicator",
                            "dead_letter_config.#": "0",
                            "description": "",
                            "environment.#": "0",
                            "filename": "./resources/project/target/lambda-0.1.0-SNAPSHOT.jar",
                            "function_name": "dymabodb_table_replicator",
                            "handler": "com.s4n.lambda.HelloLambdaHandler",
                            "id": "dymabodb_table_replicator",
                            "invoke_arn": "arn:aws:apigateway:us-east-1:lambda:path/2015-03-31/functions/arn:aws:lambda:us-east-1:105725941292:function:dymabodb_table_replicator/invocations",
                            "kms_key_arn": "",
                            "last_modified": "2018-05-03T05:18:04.222+0000",
                            "memory_size": "256",
                            "publish": "false",
                            "qualified_arn": "arn:aws:lambda:us-east-1:105725941292:function:dymabodb_table_replicator:$LATEST",
                            "reserved_concurrent_executions": "0",
                            "role": "arn:aws:iam::105725941292:role/lambda_role",
                            "runtime": "java8",
                            "source_code_hash": "gS1YlquJCGs4C7RlwlEBuXnc01ybu4Ds0Deh8YuHR14=",
                            "source_code_size": "6756737",
                            "tags.%": "0",
                            "timeout": "15",
                            "tracing_config.#": "1",
                            "tracing_config.0.mode": "PassThrough",
                            "version": "$LATEST",
                            "vpc_config.#": "0"
                        },
                        "meta": {},
                        "tainted": false
                    },
                    "deposed": [],
                    "provider": "provider.aws"
                },
                "aws_lambda_permission.enables_call_from_dynamo": {
                    "type": "aws_lambda_permission",
                    "depends_on": [
                        "aws_lambda_function.dynamodb_replication_lambda"
                    ],
                    "primary": {
                        "id": "AllowExecutionFromDynamoDB",
                        "attributes": {
                            "action": "lambda:InvokeFunction",
                            "function_name": "dymabodb_table_replicator",
                            "id": "AllowExecutionFromDynamoDB",
                            "principal": "dynamodb.amazonaws.com",
                            "qualifier": "",
                            "source_arn": "arn:aws:dynamodb:us-east-1:105725941292:table/AmazonPoints/stream/2018-05-03T00:25:52.114",
                            "statement_id": "AllowExecutionFromDynamoDB"
                        },
                        "meta": {},
                        "tainted": false
                    },
                    "deposed": [],
                    "provider": "provider.aws"
                }
            },
            "depends_on": []
        }
    ]
}
